// !$*UTF8*$!
{
	archiveVersion = 1;
	classes = {
	};
	objectVersion = 50;
	objects = {

/* Begin PBXBuildFile section */
		481DBB8823F8564C00D07C6E /* FavoriteCell.swift in Sources */ = {isa = PBXBuildFile; fileRef = 481DBB8723F8564C00D07C6E /* FavoriteCell.swift */; };
		487470AE23F4644900E374B8 /* UserInfoVC.swift in Sources */ = {isa = PBXBuildFile; fileRef = 487470AD23F4644900E374B8 /* UserInfoVC.swift */; };
		4880443E23F3313A00645ED8 /* UIHelper.swift in Sources */ = {isa = PBXBuildFile; fileRef = 4880443D23F3313A00645ED8 /* UIHelper.swift */; };
		4884F1C223F4B22F007D4703 /* GFItemInfoView.swift in Sources */ = {isa = PBXBuildFile; fileRef = 4884F1C123F4B22F007D4703 /* GFItemInfoView.swift */; };
		4884F1C423F4C376007D4703 /* GFItemInfoVC.swift in Sources */ = {isa = PBXBuildFile; fileRef = 4884F1C323F4C376007D4703 /* GFItemInfoVC.swift */; };
		4884F1C623F4C7EB007D4703 /* GFRepoItemVC.swift in Sources */ = {isa = PBXBuildFile; fileRef = 4884F1C523F4C7EB007D4703 /* GFRepoItemVC.swift */; };
		4890692923F0D3E400BED47D /* FollowersListVC.swift in Sources */ = {isa = PBXBuildFile; fileRef = 4890692823F0D3E400BED47D /* FollowersListVC.swift */; };
		48A770A923F1EA7A00F44481 /* GFAlertContainerView.swift in Sources */ = {isa = PBXBuildFile; fileRef = 48A770A823F1EA7A00F44481 /* GFAlertContainerView.swift */; };
		48A770AC23F1EBBC00F44481 /* Follower.swift in Sources */ = {isa = PBXBuildFile; fileRef = 48A770AB23F1EBBC00F44481 /* Follower.swift */; };
		48A770AE23F1F01700F44481 /* User.swift in Sources */ = {isa = PBXBuildFile; fileRef = 48A770AD23F1F01700F44481 /* User.swift */; };
		48A770B123F1FA9A00F44481 /* NetworkManager.swift in Sources */ = {isa = PBXBuildFile; fileRef = 48A770B023F1FA9A00F44481 /* NetworkManager.swift */; };
		48D1912B23F5AB35002F1C41 /* GFFollowerItemVC.swift in Sources */ = {isa = PBXBuildFile; fileRef = 48D1912A23F5AB35002F1C41 /* GFFollowerItemVC.swift */; };
		48D1912D23F5B11F002F1C41 /* String+Ext.swift in Sources */ = {isa = PBXBuildFile; fileRef = 48D1912C23F5B11F002F1C41 /* String+Ext.swift */; };
		48D1912F23F5B28B002F1C41 /* Date+Ext.swift in Sources */ = {isa = PBXBuildFile; fileRef = 48D1912E23F5B28B002F1C41 /* Date+Ext.swift */; };
		48D7D2D323F361840098C861 /* GFEmptyStateView.swift in Sources */ = {isa = PBXBuildFile; fileRef = 48D7D2D223F361840098C861 /* GFEmptyStateView.swift */; };
		48DA4F9C23F5DC7800FD26AD /* PersistenceManager.swift in Sources */ = {isa = PBXBuildFile; fileRef = 48DA4F9B23F5DC7800FD26AD /* PersistenceManager.swift */; };
		48DCC28423F302E30031008D /* FollowerCell.swift in Sources */ = {isa = PBXBuildFile; fileRef = 48DCC28323F302E30031008D /* FollowerCell.swift */; };
		48DCC28623F303520031008D /* GFAvatarImageView.swift in Sources */ = {isa = PBXBuildFile; fileRef = 48DCC28523F303520031008D /* GFAvatarImageView.swift */; };
		48DCCEFB23F1AC3F0094FDBA /* GFTitleLabel.swift in Sources */ = {isa = PBXBuildFile; fileRef = 48DCCEFA23F1AC3F0094FDBA /* GFTitleLabel.swift */; };
		48DCCEFD23F1AED80094FDBA /* GFBodyLabel.swift in Sources */ = {isa = PBXBuildFile; fileRef = 48DCCEFC23F1AED80094FDBA /* GFBodyLabel.swift */; };
		48DCCEFF23F1B1960094FDBA /* GFAlertVC.swift in Sources */ = {isa = PBXBuildFile; fileRef = 48DCCEFE23F1B1960094FDBA /* GFAlertVC.swift */; };
		48DCCF0123F1BD450094FDBA /* UIViewController+Ext.swift in Sources */ = {isa = PBXBuildFile; fileRef = 48DCCF0023F1BD450094FDBA /* UIViewController+Ext.swift */; };
		48E0965F23F47BD00014514C /* GFError.swift in Sources */ = {isa = PBXBuildFile; fileRef = 48E0965E23F47BD00014514C /* GFError.swift */; };
		48E0966123F47EFB0014514C /* GFUserInfoHeaderVC.swift in Sources */ = {isa = PBXBuildFile; fileRef = 48E0966023F47EFB0014514C /* GFUserInfoHeaderVC.swift */; };
		48E0966323F480A50014514C /* GFSecondaryTitleLabel.swift in Sources */ = {isa = PBXBuildFile; fileRef = 48E0966223F480A50014514C /* GFSecondaryTitleLabel.swift */; };
		48E0966523F48C0A0014514C /* Constants.swift in Sources */ = {isa = PBXBuildFile; fileRef = 48E0966423F48C0A0014514C /* Constants.swift */; };
		48E1037023F09ED300015AD4 /* SearchVC.swift in Sources */ = {isa = PBXBuildFile; fileRef = 48E1036F23F09ED300015AD4 /* SearchVC.swift */; };
		48E1037223F09EF800015AD4 /* FavoritesListVC.swift in Sources */ = {isa = PBXBuildFile; fileRef = 48E1037123F09EF800015AD4 /* FavoritesListVC.swift */; };
		48E1037423F0B6DE00015AD4 /* GFButton.swift in Sources */ = {isa = PBXBuildFile; fileRef = 48E1037323F0B6DE00015AD4 /* GFButton.swift */; };
		48E1037623F0B8D600015AD4 /* GFTextField.swift in Sources */ = {isa = PBXBuildFile; fileRef = 48E1037523F0B8D600015AD4 /* GFTextField.swift */; };
		48EF7A2E23F08D7400B80688 /* AppDelegate.swift in Sources */ = {isa = PBXBuildFile; fileRef = 48EF7A2D23F08D7400B80688 /* AppDelegate.swift */; };
		48EF7A3023F08D7400B80688 /* SceneDelegate.swift in Sources */ = {isa = PBXBuildFile; fileRef = 48EF7A2F23F08D7400B80688 /* SceneDelegate.swift */; };
		48EF7A3723F08D7700B80688 /* Assets.xcassets in Resources */ = {isa = PBXBuildFile; fileRef = 48EF7A3623F08D7700B80688 /* Assets.xcassets */; };
		48EF7A3A23F08D7700B80688 /* LaunchScreen.storyboard in Resources */ = {isa = PBXBuildFile; fileRef = 48EF7A3823F08D7700B80688 /* LaunchScreen.storyboard */; };
/* End PBXBuildFile section */

/* Begin PBXFileReference section */
		481DBB8723F8564C00D07C6E /* FavoriteCell.swift */ = {isa = PBXFileReference; lastKnownFileType = sourcecode.swift; path = FavoriteCell.swift; sourceTree = "<group>"; };
		487470AD23F4644900E374B8 /* UserInfoVC.swift */ = {isa = PBXFileReference; lastKnownFileType = sourcecode.swift; path = UserInfoVC.swift; sourceTree = "<group>"; };
		4880443D23F3313A00645ED8 /* UIHelper.swift */ = {isa = PBXFileReference; lastKnownFileType = sourcecode.swift; path = UIHelper.swift; sourceTree = "<group>"; };
		4884F1C123F4B22F007D4703 /* GFItemInfoView.swift */ = {isa = PBXFileReference; lastKnownFileType = sourcecode.swift; path = GFItemInfoView.swift; sourceTree = "<group>"; };
		4884F1C323F4C376007D4703 /* GFItemInfoVC.swift */ = {isa = PBXFileReference; lastKnownFileType = sourcecode.swift; path = GFItemInfoVC.swift; sourceTree = "<group>"; };
		4884F1C523F4C7EB007D4703 /* GFRepoItemVC.swift */ = {isa = PBXFileReference; lastKnownFileType = sourcecode.swift; path = GFRepoItemVC.swift; sourceTree = "<group>"; };
		4890692823F0D3E400BED47D /* FollowersListVC.swift */ = {isa = PBXFileReference; lastKnownFileType = sourcecode.swift; path = FollowersListVC.swift; sourceTree = "<group>"; };
		48A770A823F1EA7A00F44481 /* GFAlertContainerView.swift */ = {isa = PBXFileReference; lastKnownFileType = sourcecode.swift; path = GFAlertContainerView.swift; sourceTree = "<group>"; };
		48A770AB23F1EBBC00F44481 /* Follower.swift */ = {isa = PBXFileReference; lastKnownFileType = sourcecode.swift; path = Follower.swift; sourceTree = "<group>"; };
		48A770AD23F1F01700F44481 /* User.swift */ = {isa = PBXFileReference; lastKnownFileType = sourcecode.swift; path = User.swift; sourceTree = "<group>"; };
		48A770B023F1FA9A00F44481 /* NetworkManager.swift */ = {isa = PBXFileReference; lastKnownFileType = sourcecode.swift; path = NetworkManager.swift; sourceTree = "<group>"; };
		48D1912A23F5AB35002F1C41 /* GFFollowerItemVC.swift */ = {isa = PBXFileReference; lastKnownFileType = sourcecode.swift; path = GFFollowerItemVC.swift; sourceTree = "<group>"; };
		48D1912C23F5B11F002F1C41 /* String+Ext.swift */ = {isa = PBXFileReference; lastKnownFileType = sourcecode.swift; path = "String+Ext.swift"; sourceTree = "<group>"; };
		48D1912E23F5B28B002F1C41 /* Date+Ext.swift */ = {isa = PBXFileReference; lastKnownFileType = sourcecode.swift; path = "Date+Ext.swift"; sourceTree = "<group>"; };
		48D7D2D223F361840098C861 /* GFEmptyStateView.swift */ = {isa = PBXFileReference; lastKnownFileType = sourcecode.swift; path = GFEmptyStateView.swift; sourceTree = "<group>"; };
		48DA4F9B23F5DC7800FD26AD /* PersistenceManager.swift */ = {isa = PBXFileReference; lastKnownFileType = sourcecode.swift; path = PersistenceManager.swift; sourceTree = "<group>"; };
		48DCC28323F302E30031008D /* FollowerCell.swift */ = {isa = PBXFileReference; lastKnownFileType = sourcecode.swift; path = FollowerCell.swift; sourceTree = "<group>"; };
		48DCC28523F303520031008D /* GFAvatarImageView.swift */ = {isa = PBXFileReference; lastKnownFileType = sourcecode.swift; path = GFAvatarImageView.swift; sourceTree = "<group>"; };
		48DCCEFA23F1AC3F0094FDBA /* GFTitleLabel.swift */ = {isa = PBXFileReference; lastKnownFileType = sourcecode.swift; path = GFTitleLabel.swift; sourceTree = "<group>"; };
		48DCCEFC23F1AED80094FDBA /* GFBodyLabel.swift */ = {isa = PBXFileReference; lastKnownFileType = sourcecode.swift; path = GFBodyLabel.swift; sourceTree = "<group>"; };
		48DCCEFE23F1B1960094FDBA /* GFAlertVC.swift */ = {isa = PBXFileReference; lastKnownFileType = sourcecode.swift; path = GFAlertVC.swift; sourceTree = "<group>"; };
		48DCCF0023F1BD450094FDBA /* UIViewController+Ext.swift */ = {isa = PBXFileReference; lastKnownFileType = sourcecode.swift; path = "UIViewController+Ext.swift"; sourceTree = "<group>"; };
		48E0965E23F47BD00014514C /* GFError.swift */ = {isa = PBXFileReference; lastKnownFileType = sourcecode.swift; path = GFError.swift; sourceTree = "<group>"; };
		48E0966023F47EFB0014514C /* GFUserInfoHeaderVC.swift */ = {isa = PBXFileReference; lastKnownFileType = sourcecode.swift; path = GFUserInfoHeaderVC.swift; sourceTree = "<group>"; };
		48E0966223F480A50014514C /* GFSecondaryTitleLabel.swift */ = {isa = PBXFileReference; lastKnownFileType = sourcecode.swift; path = GFSecondaryTitleLabel.swift; sourceTree = "<group>"; };
		48E0966423F48C0A0014514C /* Constants.swift */ = {isa = PBXFileReference; lastKnownFileType = sourcecode.swift; path = Constants.swift; sourceTree = "<group>"; };
		48E1036F23F09ED300015AD4 /* SearchVC.swift */ = {isa = PBXFileReference; lastKnownFileType = sourcecode.swift; path = SearchVC.swift; sourceTree = "<group>"; };
		48E1037123F09EF800015AD4 /* FavoritesListVC.swift */ = {isa = PBXFileReference; lastKnownFileType = sourcecode.swift; path = FavoritesListVC.swift; sourceTree = "<group>"; };
		48E1037323F0B6DE00015AD4 /* GFButton.swift */ = {isa = PBXFileReference; lastKnownFileType = sourcecode.swift; path = GFButton.swift; sourceTree = "<group>"; };
		48E1037523F0B8D600015AD4 /* GFTextField.swift */ = {isa = PBXFileReference; lastKnownFileType = sourcecode.swift; path = GFTextField.swift; sourceTree = "<group>"; };
		48EF7A2A23F08D7400B80688 /* GitHubFollowers.app */ = {isa = PBXFileReference; explicitFileType = wrapper.application; includeInIndex = 0; path = GitHubFollowers.app; sourceTree = BUILT_PRODUCTS_DIR; };
		48EF7A2D23F08D7400B80688 /* AppDelegate.swift */ = {isa = PBXFileReference; lastKnownFileType = sourcecode.swift; path = AppDelegate.swift; sourceTree = "<group>"; };
		48EF7A2F23F08D7400B80688 /* SceneDelegate.swift */ = {isa = PBXFileReference; lastKnownFileType = sourcecode.swift; path = SceneDelegate.swift; sourceTree = "<group>"; };
		48EF7A3623F08D7700B80688 /* Assets.xcassets */ = {isa = PBXFileReference; lastKnownFileType = folder.assetcatalog; path = Assets.xcassets; sourceTree = "<group>"; };
		48EF7A3923F08D7700B80688 /* Base */ = {isa = PBXFileReference; lastKnownFileType = file.storyboard; name = Base; path = Base.lproj/LaunchScreen.storyboard; sourceTree = "<group>"; };
		48EF7A3B23F08D7700B80688 /* Info.plist */ = {isa = PBXFileReference; lastKnownFileType = text.plist.xml; path = Info.plist; sourceTree = "<group>"; };
/* End PBXFileReference section */

/* Begin PBXFrameworksBuildPhase section */
		48EF7A2723F08D7300B80688 /* Frameworks */ = {
			isa = PBXFrameworksBuildPhase;
			buildActionMask = 2147483647;
			files = (
			);
			runOnlyForDeploymentPostprocessing = 0;
		};
/* End PBXFrameworksBuildPhase section */

/* Begin PBXGroup section */
		483729EB23F21C6200444157 /* Utilities */ = {
			isa = PBXGroup;
			children = (
				4880443D23F3313A00645ED8 /* UIHelper.swift */,
				48E0965E23F47BD00014514C /* GFError.swift */,
				48E0966423F48C0A0014514C /* Constants.swift */,
			);
			path = Utilities;
			sourceTree = "<group>";
		};
		48A2B7C223F1E00900FA2ED6 /* Screens */ = {
			isa = PBXGroup;
			children = (
				48E1036F23F09ED300015AD4 /* SearchVC.swift */,
				48E1037123F09EF800015AD4 /* FavoritesListVC.swift */,
				4890692823F0D3E400BED47D /* FollowersListVC.swift */,
				487470AD23F4644900E374B8 /* UserInfoVC.swift */,
			);
			path = Screens;
			sourceTree = "<group>";
		};
		48A2B7C323F1E02700FA2ED6 /* Custom Views */ = {
			isa = PBXGroup;
			children = (
				48D7D2D123F35E640098C861 /* ImageViews */,
				48D7D2D023F35E400098C861 /* Labels */,
				48D7D2CF23F35E390098C861 /* TextFields */,
				48D7D2CE23F35E310098C861 /* View Controllers */,
				48D7D2CD23F35E280098C861 /* Views */,
				48D7D2CC23F35E1D0098C861 /* Buttons */,
				48DCC28223F302C90031008D /* Cells */,
			);
			path = "Custom Views";
			sourceTree = "<group>";
		};
		48A2B7C423F1E03A00FA2ED6 /* Extensions */ = {
			isa = PBXGroup;
			children = (
				48DCCF0023F1BD450094FDBA /* UIViewController+Ext.swift */,
				48D1912C23F5B11F002F1C41 /* String+Ext.swift */,
				48D1912E23F5B28B002F1C41 /* Date+Ext.swift */,
			);
			path = Extensions;
			sourceTree = "<group>";
		};
		48A770AA23F1EBA700F44481 /* Model */ = {
			isa = PBXGroup;
			children = (
				48A770AB23F1EBBC00F44481 /* Follower.swift */,
				48A770AD23F1F01700F44481 /* User.swift */,
			);
			path = Model;
			sourceTree = "<group>";
		};
		48A770AF23F1FA8300F44481 /* Managers */ = {
			isa = PBXGroup;
			children = (
				48A770B023F1FA9A00F44481 /* NetworkManager.swift */,
				48DA4F9B23F5DC7800FD26AD /* PersistenceManager.swift */,
			);
			path = Managers;
			sourceTree = "<group>";
		};
		48D7D2CC23F35E1D0098C861 /* Buttons */ = {
			isa = PBXGroup;
			children = (
				48E1037323F0B6DE00015AD4 /* GFButton.swift */,
			);
			path = Buttons;
			sourceTree = "<group>";
		};
		48D7D2CD23F35E280098C861 /* Views */ = {
			isa = PBXGroup;
			children = (
				48A770A823F1EA7A00F44481 /* GFAlertContainerView.swift */,
				48D7D2D223F361840098C861 /* GFEmptyStateView.swift */,
				4884F1C123F4B22F007D4703 /* GFItemInfoView.swift */,
			);
			path = Views;
			sourceTree = "<group>";
		};
		48D7D2CE23F35E310098C861 /* View Controllers */ = {
			isa = PBXGroup;
			children = (
				48DCCEFE23F1B1960094FDBA /* GFAlertVC.swift */,
				48E0966023F47EFB0014514C /* GFUserInfoHeaderVC.swift */,
				4884F1C323F4C376007D4703 /* GFItemInfoVC.swift */,
				4884F1C523F4C7EB007D4703 /* GFRepoItemVC.swift */,
				48D1912A23F5AB35002F1C41 /* GFFollowerItemVC.swift */,
			);
			path = "View Controllers";
			sourceTree = "<group>";
		};
		48D7D2CF23F35E390098C861 /* TextFields */ = {
			isa = PBXGroup;
			children = (
				48E1037523F0B8D600015AD4 /* GFTextField.swift */,
			);
			path = TextFields;
			sourceTree = "<group>";
		};
		48D7D2D023F35E400098C861 /* Labels */ = {
			isa = PBXGroup;
			children = (
				48DCCEFA23F1AC3F0094FDBA /* GFTitleLabel.swift */,
				48DCCEFC23F1AED80094FDBA /* GFBodyLabel.swift */,
				48E0966223F480A50014514C /* GFSecondaryTitleLabel.swift */,
			);
			path = Labels;
			sourceTree = "<group>";
		};
		48D7D2D123F35E640098C861 /* ImageViews */ = {
			isa = PBXGroup;
			children = (
				48DCC28523F303520031008D /* GFAvatarImageView.swift */,
			);
			path = ImageViews;
			sourceTree = "<group>";
		};
		48DCC28223F302C90031008D /* Cells */ = {
			isa = PBXGroup;
			children = (
				48DCC28323F302E30031008D /* FollowerCell.swift */,
				481DBB8723F8564C00D07C6E /* FavoriteCell.swift */,
			);
			path = Cells;
			sourceTree = "<group>";
		};
		48EF7A2123F08D7300B80688 = {
			isa = PBXGroup;
			children = (
				48EF7A2C23F08D7400B80688 /* GitHubFollowers */,
				48EF7A2B23F08D7400B80688 /* Products */,
			);
			sourceTree = "<group>";
		};
		48EF7A2B23F08D7400B80688 /* Products */ = {
			isa = PBXGroup;
			children = (
				48EF7A2A23F08D7400B80688 /* GitHubFollowers.app */,
			);
			name = Products;
			sourceTree = "<group>";
		};
		48EF7A2C23F08D7400B80688 /* GitHubFollowers */ = {
			isa = PBXGroup;
			children = (
				48A2B7C323F1E02700FA2ED6 /* Custom Views */,
				48A2B7C423F1E03A00FA2ED6 /* Extensions */,
				48A770AF23F1FA8300F44481 /* Managers */,
				48A770AA23F1EBA700F44481 /* Model */,
				48A2B7C223F1E00900FA2ED6 /* Screens */,
				483729EB23F21C6200444157 /* Utilities */,
				48EF7A2D23F08D7400B80688 /* AppDelegate.swift */,
				48EF7A2F23F08D7400B80688 /* SceneDelegate.swift */,
				48EF7A3623F08D7700B80688 /* Assets.xcassets */,
				48EF7A3823F08D7700B80688 /* LaunchScreen.storyboard */,
				48EF7A3B23F08D7700B80688 /* Info.plist */,
			);
			path = GitHubFollowers;
			sourceTree = "<group>";
		};
/* End PBXGroup section */

/* Begin PBXNativeTarget section */
		48EF7A2923F08D7300B80688 /* GitHubFollowers */ = {
			isa = PBXNativeTarget;
			buildConfigurationList = 48EF7A3E23F08D7700B80688 /* Build configuration list for PBXNativeTarget "GitHubFollowers" */;
			buildPhases = (
				48EF7A2623F08D7300B80688 /* Sources */,
				48EF7A2723F08D7300B80688 /* Frameworks */,
				48EF7A2823F08D7300B80688 /* Resources */,
			);
			buildRules = (
			);
			dependencies = (
			);
			name = GitHubFollowers;
			productName = GitHubFollowers;
			productReference = 48EF7A2A23F08D7400B80688 /* GitHubFollowers.app */;
			productType = "com.apple.product-type.application";
		};
/* End PBXNativeTarget section */

/* Begin PBXProject section */
		48EF7A2223F08D7300B80688 /* Project object */ = {
			isa = PBXProject;
			attributes = {
				LastSwiftUpdateCheck = 1130;
				LastUpgradeCheck = 1130;
				ORGANIZATIONNAME = "Fred Lefevre";
				TargetAttributes = {
					48EF7A2923F08D7300B80688 = {
						CreatedOnToolsVersion = 11.3.1;
					};
				};
			};
			buildConfigurationList = 48EF7A2523F08D7300B80688 /* Build configuration list for PBXProject "GitHubFollowers" */;
			compatibilityVersion = "Xcode 9.3";
			developmentRegion = en;
			hasScannedForEncodings = 0;
			knownRegions = (
				en,
				Base,
			);
			mainGroup = 48EF7A2123F08D7300B80688;
			productRefGroup = 48EF7A2B23F08D7400B80688 /* Products */;
			projectDirPath = "";
			projectRoot = "";
			targets = (
				48EF7A2923F08D7300B80688 /* GitHubFollowers */,
			);
		};
/* End PBXProject section */

/* Begin PBXResourcesBuildPhase section */
		48EF7A2823F08D7300B80688 /* Resources */ = {
			isa = PBXResourcesBuildPhase;
			buildActionMask = 2147483647;
			files = (
				48EF7A3A23F08D7700B80688 /* LaunchScreen.storyboard in Resources */,
				48EF7A3723F08D7700B80688 /* Assets.xcassets in Resources */,
			);
			runOnlyForDeploymentPostprocessing = 0;
		};
/* End PBXResourcesBuildPhase section */

/* Begin PBXSourcesBuildPhase section */
		48EF7A2623F08D7300B80688 /* Sources */ = {
			isa = PBXSourcesBuildPhase;
			buildActionMask = 2147483647;
			files = (
				48A770A923F1EA7A00F44481 /* GFAlertContainerView.swift in Sources */,
				48E1037623F0B8D600015AD4 /* GFTextField.swift in Sources */,
				4890692923F0D3E400BED47D /* FollowersListVC.swift in Sources */,
				48D1912D23F5B11F002F1C41 /* String+Ext.swift in Sources */,
				48E0966123F47EFB0014514C /* GFUserInfoHeaderVC.swift in Sources */,
				48E1037223F09EF800015AD4 /* FavoritesListVC.swift in Sources */,
				48DCCF0123F1BD450094FDBA /* UIViewController+Ext.swift in Sources */,
				48D7D2D323F361840098C861 /* GFEmptyStateView.swift in Sources */,
				48E0966323F480A50014514C /* GFSecondaryTitleLabel.swift in Sources */,
				48D1912F23F5B28B002F1C41 /* Date+Ext.swift in Sources */,
				48E1037423F0B6DE00015AD4 /* GFButton.swift in Sources */,
				48A770AE23F1F01700F44481 /* User.swift in Sources */,
				48DA4F9C23F5DC7800FD26AD /* PersistenceManager.swift in Sources */,
				481DBB8823F8564C00D07C6E /* FavoriteCell.swift in Sources */,
				48E0965F23F47BD00014514C /* GFError.swift in Sources */,
				48DCC28423F302E30031008D /* FollowerCell.swift in Sources */,
				4884F1C623F4C7EB007D4703 /* GFRepoItemVC.swift in Sources */,
				48DCC28623F303520031008D /* GFAvatarImageView.swift in Sources */,
				48DCCEFF23F1B1960094FDBA /* GFAlertVC.swift in Sources */,
				487470AE23F4644900E374B8 /* UserInfoVC.swift in Sources */,
				48A770AC23F1EBBC00F44481 /* Follower.swift in Sources */,
				48DCCEFD23F1AED80094FDBA /* GFBodyLabel.swift in Sources */,
				48DCCEFB23F1AC3F0094FDBA /* GFTitleLabel.swift in Sources */,
				4884F1C423F4C376007D4703 /* GFItemInfoVC.swift in Sources */,
				48D1912B23F5AB35002F1C41 /* GFFollowerItemVC.swift in Sources */,
				48E1037023F09ED300015AD4 /* SearchVC.swift in Sources */,
				4880443E23F3313A00645ED8 /* UIHelper.swift in Sources */,
				48A770B123F1FA9A00F44481 /* NetworkManager.swift in Sources */,
				48EF7A2E23F08D7400B80688 /* AppDelegate.swift in Sources */,
				4884F1C223F4B22F007D4703 /* GFItemInfoView.swift in Sources */,
				48EF7A3023F08D7400B80688 /* SceneDelegate.swift in Sources */,
				48E0966523F48C0A0014514C /* Constants.swift in Sources */,
			);
			runOnlyForDeploymentPostprocessing = 0;
		};
/* End PBXSourcesBuildPhase section */

/* Begin PBXVariantGroup section */
		48EF7A3823F08D7700B80688 /* LaunchScreen.storyboard */ = {
			isa = PBXVariantGroup;
			children = (
				48EF7A3923F08D7700B80688 /* Base */,
			);
			name = LaunchScreen.storyboard;
			sourceTree = "<group>";
		};
/* End PBXVariantGroup section */

/* Begin XCBuildConfiguration section */
		48EF7A3C23F08D7700B80688 /* Debug */ = {
			isa = XCBuildConfiguration;
			buildSettings = {
				ALWAYS_SEARCH_USER_PATHS = NO;
				CLANG_ANALYZER_NONNULL = YES;
				CLANG_ANALYZER_NUMBER_OBJECT_CONVERSION = YES_AGGRESSIVE;
				CLANG_CXX_LANGUAGE_STANDARD = "gnu++14";
				CLANG_CXX_LIBRARY = "libc++";
				CLANG_ENABLE_MODULES = YES;
				CLANG_ENABLE_OBJC_ARC = YES;
				CLANG_ENABLE_OBJC_WEAK = YES;
				CLANG_WARN_BLOCK_CAPTURE_AUTORELEASING = YES;
				CLANG_WARN_BOOL_CONVERSION = YES;
				CLANG_WARN_COMMA = YES;
				CLANG_WARN_CONSTANT_CONVERSION = YES;
				CLANG_WARN_DEPRECATED_OBJC_IMPLEMENTATIONS = YES;
				CLANG_WARN_DIRECT_OBJC_ISA_USAGE = YES_ERROR;
				CLANG_WARN_DOCUMENTATION_COMMENTS = YES;
				CLANG_WARN_EMPTY_BODY = YES;
				CLANG_WARN_ENUM_CONVERSION = YES;
				CLANG_WARN_INFINITE_RECURSION = YES;
				CLANG_WARN_INT_CONVERSION = YES;
				CLANG_WARN_NON_LITERAL_NULL_CONVERSION = YES;
				CLANG_WARN_OBJC_IMPLICIT_RETAIN_SELF = YES;
				CLANG_WARN_OBJC_LITERAL_CONVERSION = YES;
				CLANG_WARN_OBJC_ROOT_CLASS = YES_ERROR;
				CLANG_WARN_RANGE_LOOP_ANALYSIS = YES;
				CLANG_WARN_STRICT_PROTOTYPES = YES;
				CLANG_WARN_SUSPICIOUS_MOVE = YES;
				CLANG_WARN_UNGUARDED_AVAILABILITY = YES_AGGRESSIVE;
				CLANG_WARN_UNREACHABLE_CODE = YES;
				CLANG_WARN__DUPLICATE_METHOD_MATCH = YES;
				COPY_PHASE_STRIP = NO;
				DEBUG_INFORMATION_FORMAT = dwarf;
				ENABLE_STRICT_OBJC_MSGSEND = YES;
				ENABLE_TESTABILITY = YES;
				GCC_C_LANGUAGE_STANDARD = gnu11;
				GCC_DYNAMIC_NO_PIC = NO;
				GCC_NO_COMMON_BLOCKS = YES;
				GCC_OPTIMIZATION_LEVEL = 0;
				GCC_PREPROCESSOR_DEFINITIONS = (
					"DEBUG=1",
					"$(inherited)",
				);
				GCC_WARN_64_TO_32_BIT_CONVERSION = YES;
				GCC_WARN_ABOUT_RETURN_TYPE = YES_ERROR;
				GCC_WARN_UNDECLARED_SELECTOR = YES;
				GCC_WARN_UNINITIALIZED_AUTOS = YES_AGGRESSIVE;
				GCC_WARN_UNUSED_FUNCTION = YES;
				GCC_WARN_UNUSED_VARIABLE = YES;
				IPHONEOS_DEPLOYMENT_TARGET = 13.2;
				MTL_ENABLE_DEBUG_INFO = INCLUDE_SOURCE;
				MTL_FAST_MATH = YES;
				ONLY_ACTIVE_ARCH = YES;
				SDKROOT = iphoneos;
				SWIFT_ACTIVE_COMPILATION_CONDITIONS = DEBUG;
				SWIFT_OPTIMIZATION_LEVEL = "-Onone";
			};
			name = Debug;
		};
		48EF7A3D23F08D7700B80688 /* Release */ = {
			isa = XCBuildConfiguration;
			buildSettings = {
				ALWAYS_SEARCH_USER_PATHS = NO;
				CLANG_ANALYZER_NONNULL = YES;
				CLANG_ANALYZER_NUMBER_OBJECT_CONVERSION = YES_AGGRESSIVE;
				CLANG_CXX_LANGUAGE_STANDARD = "gnu++14";
				CLANG_CXX_LIBRARY = "libc++";
				CLANG_ENABLE_MODULES = YES;
				CLANG_ENABLE_OBJC_ARC = YES;
				CLANG_ENABLE_OBJC_WEAK = YES;
				CLANG_WARN_BLOCK_CAPTURE_AUTORELEASING = YES;
				CLANG_WARN_BOOL_CONVERSION = YES;
				CLANG_WARN_COMMA = YES;
				CLANG_WARN_CONSTANT_CONVERSION = YES;
				CLANG_WARN_DEPRECATED_OBJC_IMPLEMENTATIONS = YES;
				CLANG_WARN_DIRECT_OBJC_ISA_USAGE = YES_ERROR;
				CLANG_WARN_DOCUMENTATION_COMMENTS = YES;
				CLANG_WARN_EMPTY_BODY = YES;
				CLANG_WARN_ENUM_CONVERSION = YES;
				CLANG_WARN_INFINITE_RECURSION = YES;
				CLANG_WARN_INT_CONVERSION = YES;
				CLANG_WARN_NON_LITERAL_NULL_CONVERSION = YES;
				CLANG_WARN_OBJC_IMPLICIT_RETAIN_SELF = YES;
				CLANG_WARN_OBJC_LITERAL_CONVERSION = YES;
				CLANG_WARN_OBJC_ROOT_CLASS = YES_ERROR;
				CLANG_WARN_RANGE_LOOP_ANALYSIS = YES;
				CLANG_WARN_STRICT_PROTOTYPES = YES;
				CLANG_WARN_SUSPICIOUS_MOVE = YES;
				CLANG_WARN_UNGUARDED_AVAILABILITY = YES_AGGRESSIVE;
				CLANG_WARN_UNREACHABLE_CODE = YES;
				CLANG_WARN__DUPLICATE_METHOD_MATCH = YES;
				COPY_PHASE_STRIP = NO;
				DEBUG_INFORMATION_FORMAT = "dwarf-with-dsym";
				ENABLE_NS_ASSERTIONS = NO;
				ENABLE_STRICT_OBJC_MSGSEND = YES;
				GCC_C_LANGUAGE_STANDARD = gnu11;
				GCC_NO_COMMON_BLOCKS = YES;
				GCC_WARN_64_TO_32_BIT_CONVERSION = YES;
				GCC_WARN_ABOUT_RETURN_TYPE = YES_ERROR;
				GCC_WARN_UNDECLARED_SELECTOR = YES;
				GCC_WARN_UNINITIALIZED_AUTOS = YES_AGGRESSIVE;
				GCC_WARN_UNUSED_FUNCTION = YES;
				GCC_WARN_UNUSED_VARIABLE = YES;
				IPHONEOS_DEPLOYMENT_TARGET = 13.2;
				MTL_ENABLE_DEBUG_INFO = NO;
				MTL_FAST_MATH = YES;
				SDKROOT = iphoneos;
				SWIFT_COMPILATION_MODE = wholemodule;
				SWIFT_OPTIMIZATION_LEVEL = "-O";
				VALIDATE_PRODUCT = YES;
			};
			name = Release;
		};
		48EF7A3F23F08D7700B80688 /* Debug */ = {
			isa = XCBuildConfiguration;
			buildSettings = {
				ASSETCATALOG_COMPILER_APPICON_NAME = AppIcon;
				CODE_SIGN_STYLE = Automatic;
				DEVELOPMENT_TEAM = R6V3TXD99T;
				INFOPLIST_FILE = GitHubFollowers/Info.plist;
				LD_RUNPATH_SEARCH_PATHS = (
					"$(inherited)",
					"@executable_path/Frameworks",
				);
				PRODUCT_BUNDLE_IDENTIFIER = com.fredlefevre.GitHubFollowers;
				PRODUCT_NAME = "$(TARGET_NAME)";
				SWIFT_VERSION = 5.0;
				TARGETED_DEVICE_FAMILY = 1;
			};
			name = Debug;
		};
		48EF7A4023F08D7700B80688 /* Release */ = {
			isa = XCBuildConfiguration;
			buildSettings = {
				ASSETCATALOG_COMPILER_APPICON_NAME = AppIcon;
				CODE_SIGN_STYLE = Automatic;
				DEVELOPMENT_TEAM = R6V3TXD99T;
				INFOPLIST_FILE = GitHubFollowers/Info.plist;
				LD_RUNPATH_SEARCH_PATHS = (
					"$(inherited)",
					"@executable_path/Frameworks",
				);
				PRODUCT_BUNDLE_IDENTIFIER = com.fredlefevre.GitHubFollowers;
				PRODUCT_NAME = "$(TARGET_NAME)";
				SWIFT_VERSION = 5.0;
				TARGETED_DEVICE_FAMILY = 1;
			};
			name = Release;
		};
/* End XCBuildConfiguration section */

/* Begin XCConfigurationList section */
		48EF7A2523F08D7300B80688 /* Build configuration list for PBXProject "GitHubFollowers" */ = {
			isa = XCConfigurationList;
			buildConfigurations = (
				48EF7A3C23F08D7700B80688 /* Debug */,
				48EF7A3D23F08D7700B80688 /* Release */,
			);
			defaultConfigurationIsVisible = 0;
			defaultConfigurationName = Release;
		};
		48EF7A3E23F08D7700B80688 /* Build configuration list for PBXNativeTarget "GitHubFollowers" */ = {
			isa = XCConfigurationList;
			buildConfigurations = (
				48EF7A3F23F08D7700B80688 /* Debug */,
				48EF7A4023F08D7700B80688 /* Release */,
			);
			defaultConfigurationIsVisible = 0;
			defaultConfigurationName = Release;
		};
/* End XCConfigurationList section */
	};
	rootObject = 48EF7A2223F08D7300B80688 /* Project object */;
}
